
Microsoft Visual Studio Solution File, Format Version 12.00
# Visual Studio Version 16
VisualStudioVersion = 16.0.28922.388
MinimumVisualStudioVersion = 10.0.40219.1
Project("{FAE04EC0-301F-11D3-BF4B-00C04F79EFBC}") = "Resender.Android", "Resender\Resender.Android\Resender.Android.csproj", "{8C28B9D4-32DF-464C-A29C-292B35A2261F}"
EndProject
Project("{FAE04EC0-301F-11D3-BF4B-00C04F79EFBC}") = "Resender", "Resender\Resender\Resender.csproj", "{1DBC6498-CBF3-47F6-ABDB-F52A3F654001}"
EndProject
Global
	GlobalSection(SolutionConfigurationPlatforms) = preSolution
		Debug|Any CPU = Debug|Any CPU
		Release|Any CPU = Release|Any CPU
	EndGlobalSection
	GlobalSection(ProjectConfigurationPlatforms) = postSolution
		{8C28B9D4-32DF-464C-A29C-292B35A2261F}.Debug|Any CPU.ActiveCfg = Debug|Any CPU
		{8C28B9D4-32DF-464C-A29C-292B35A2261F}.Debug|Any CPU.Build.0 = Debug|Any CPU
		{8C28B9D4-32DF-464C-A29C-292B35A2261F}.Debug|Any CPU.Deploy.0 = Debug|Any CPU
		{8C28B9D4-32DF-464C-A29C-292B35A2261F}.Release|Any CPU.ActiveCfg = Release|Any CPU
		{8C28B9D4-32DF-464C-A29C-292B35A2261F}.Release|Any CPU.Build.0 = Release|Any CPU
		{8C28B9D4-32DF-464C-A29C-292B35A2261F}.Release|Any CPU.Deploy.0 = Release|Any CPU
		{1DBC6498-CBF3-47F6-ABDB-F52A3F654001}.Debug|Any CPU.ActiveCfg = Debug|Any CPU
		{1DBC6498-CBF3-47F6-ABDB-F52A3F654001}.Debug|Any CPU.Build.0 = Debug|Any CPU
		{1DBC6498-CBF3-47F6-ABDB-F52A3F654001}.Debug|Any CPU.Deploy.0 = Debug|Any CPU
		{1DBC6498-CBF3-47F6-ABDB-F52A3F654001}.Release|Any CPU.ActiveCfg = Release|Any CPU
		{1DBC6498-CBF3-47F6-ABDB-F52A3F654001}.Release|Any CPU.Build.0 = Release|Any CPU
		{1DBC6498-CBF3-47F6-ABDB-F52A3F654001}.Release|Any CPU.Deploy.0 = Release|Any CPU
	EndGlobalSection
	GlobalSection(SolutionProperties) = preSolution
		HideSolutionNode = FALSE
	EndGlobalSection
	GlobalSection(ExtensibilityGlobals) = postSolution
		SolutionGuid = {4A7790BB-674C-495C-AD94-57DF8D0E3DEF}
	EndGlobalSection
EndGlobal
